// !$*UTF8*$!
{
	archiveVersion = 1;
	classes = {
	};
	objectVersion = 51;
	objects = {

/* Begin PBXBuildFile section */
		1E56DB4408E790F9D892962C /* Pods_Event_PlannerTests.framework in Frameworks */ = {isa = PBXBuildFile; fileRef = EE7278A276B64760B2065090 /* Pods_Event_PlannerTests.framework */; };
		6B33706A243A8C32002BB2BA /* LoginViewController.swift in Sources */ = {isa = PBXBuildFile; fileRef = 6B337069243A8C32002BB2BA /* LoginViewController.swift */; };
		6B6803962439529500540562 /* AppDelegate.swift in Sources */ = {isa = PBXBuildFile; fileRef = 6B6803952439529500540562 /* AppDelegate.swift */; };
		6B6803982439529500540562 /* SceneDelegate.swift in Sources */ = {isa = PBXBuildFile; fileRef = 6B6803972439529500540562 /* SceneDelegate.swift */; };
		6B68039D2439529500540562 /* Main.storyboard in Resources */ = {isa = PBXBuildFile; fileRef = 6B68039B2439529500540562 /* Main.storyboard */; };
		6B68039F2439529600540562 /* Assets.xcassets in Resources */ = {isa = PBXBuildFile; fileRef = 6B68039E2439529600540562 /* Assets.xcassets */; };
		6B6803A22439529600540562 /* LaunchScreen.storyboard in Resources */ = {isa = PBXBuildFile; fileRef = 6B6803A02439529600540562 /* LaunchScreen.storyboard */; };
		6B6803AD2439529600540562 /* Event_PlannerTests.swift in Sources */ = {isa = PBXBuildFile; fileRef = 6B6803AC2439529600540562 /* Event_PlannerTests.swift */; };
		6B6803B82439529600540562 /* Event_PlannerUITests.swift in Sources */ = {isa = PBXBuildFile; fileRef = 6B6803B72439529600540562 /* Event_PlannerUITests.swift */; };
		6B9D6AF324423ABB00438CBE /* HomeViewController.swift in Sources */ = {isa = PBXBuildFile; fileRef = 6B9D6AF224423ABB00438CBE /* HomeViewController.swift */; };
		6B9D6AF5244295B600438CBE /* CreateEventViewController.swift in Sources */ = {isa = PBXBuildFile; fileRef = 6B9D6AF4244295B600438CBE /* CreateEventViewController.swift */; };
		6B9D6AF72442B5AD00438CBE /* MenuChoiceView.swift in Sources */ = {isa = PBXBuildFile; fileRef = 6B9D6AF62442B5AD00438CBE /* MenuChoiceView.swift */; };
		6B9D6AF92442C0DF00438CBE /* EventsTableViewController.swift in Sources */ = {isa = PBXBuildFile; fileRef = 6B9D6AF82442C0DF00438CBE /* EventsTableViewController.swift */; };
		6B9D6AFB2442C10700438CBE /* LocationTableViewController.swift in Sources */ = {isa = PBXBuildFile; fileRef = 6B9D6AFA2442C10700438CBE /* LocationTableViewController.swift */; };
		6B9D6AFD2442C12C00438CBE /* MyPlansTableViewController.swift in Sources */ = {isa = PBXBuildFile; fileRef = 6B9D6AFC2442C12C00438CBE /* MyPlansTableViewController.swift */; };
		6B9D6AFF2442C14900438CBE /* HostedEventsTableViewController.swift in Sources */ = {isa = PBXBuildFile; fileRef = 6B9D6AFE2442C14900438CBE /* HostedEventsTableViewController.swift */; };
		A0E1B5EA2442DA3900345E96 /* GoogleService-Info.plist in Resources */ = {isa = PBXBuildFile; fileRef = A0E1B5E92442DA3900345E96 /* GoogleService-Info.plist */; };
		A0E1B5EC2442EA6B00345E96 /* CreateEventsViewController.swift in Sources */ = {isa = PBXBuildFile; fileRef = A0E1B5EB2442EA6B00345E96 /* CreateEventsViewController.swift */; };
		AB488DCA05AA6B32FA4C1669 /* Pods_Event_Planner.framework in Frameworks */ = {isa = PBXBuildFile; fileRef = 9140EE9A740DA7161178D39B /* Pods_Event_Planner.framework */; };
		E3167E6086EEFF1D4162CA30 /* Pods_Event_Planner_Event_PlannerUITests.framework in Frameworks */ = {isa = PBXBuildFile; fileRef = 428A3B7C9E8ACFBA4DE135B4 /* Pods_Event_Planner_Event_PlannerUITests.framework */; };
/* End PBXBuildFile section */

/* Begin PBXContainerItemProxy section */
		6B6803A92439529600540562 /* PBXContainerItemProxy */ = {
			isa = PBXContainerItemProxy;
			containerPortal = 6B68038A2439529500540562 /* Project object */;
			proxyType = 1;
			remoteGlobalIDString = 6B6803912439529500540562;
			remoteInfo = "Event-Planner";
		};
		6B6803B42439529600540562 /* PBXContainerItemProxy */ = {
			isa = PBXContainerItemProxy;
			containerPortal = 6B68038A2439529500540562 /* Project object */;
			proxyType = 1;
			remoteGlobalIDString = 6B6803912439529500540562;
			remoteInfo = "Event-Planner";
		};
/* End PBXContainerItemProxy section */

/* Begin PBXFileReference section */
		39368A437AC2B94B18B0648A /* Pods-Event-Planner.release.xcconfig */ = {isa = PBXFileReference; includeInIndex = 1; lastKnownFileType = text.xcconfig; name = "Pods-Event-Planner.release.xcconfig"; path = "Target Support Files/Pods-Event-Planner/Pods-Event-Planner.release.xcconfig"; sourceTree = "<group>"; };
		428A3B7C9E8ACFBA4DE135B4 /* Pods_Event_Planner_Event_PlannerUITests.framework */ = {isa = PBXFileReference; explicitFileType = wrapper.framework; includeInIndex = 0; path = Pods_Event_Planner_Event_PlannerUITests.framework; sourceTree = BUILT_PRODUCTS_DIR; };
		4ED9CE758B1EC742F3FBF66D /* Pods-Event-Planner-Event-PlannerUITests.debug.xcconfig */ = {isa = PBXFileReference; includeInIndex = 1; lastKnownFileType = text.xcconfig; name = "Pods-Event-Planner-Event-PlannerUITests.debug.xcconfig"; path = "Target Support Files/Pods-Event-Planner-Event-PlannerUITests/Pods-Event-Planner-Event-PlannerUITests.debug.xcconfig"; sourceTree = "<group>"; };
		6B337069243A8C32002BB2BA /* LoginViewController.swift */ = {isa = PBXFileReference; lastKnownFileType = sourcecode.swift; path = LoginViewController.swift; sourceTree = "<group>"; };
		6B6803922439529500540562 /* Event-Planner.app */ = {isa = PBXFileReference; explicitFileType = wrapper.application; includeInIndex = 0; path = "Event-Planner.app"; sourceTree = BUILT_PRODUCTS_DIR; };
		6B6803952439529500540562 /* AppDelegate.swift */ = {isa = PBXFileReference; lastKnownFileType = sourcecode.swift; path = AppDelegate.swift; sourceTree = "<group>"; };
		6B6803972439529500540562 /* SceneDelegate.swift */ = {isa = PBXFileReference; lastKnownFileType = sourcecode.swift; path = SceneDelegate.swift; sourceTree = "<group>"; };
		6B68039C2439529500540562 /* Base */ = {isa = PBXFileReference; lastKnownFileType = file.storyboard; name = Base; path = Base.lproj/Main.storyboard; sourceTree = "<group>"; };
		6B68039E2439529600540562 /* Assets.xcassets */ = {isa = PBXFileReference; lastKnownFileType = folder.assetcatalog; path = Assets.xcassets; sourceTree = "<group>"; };
		6B6803A12439529600540562 /* Base */ = {isa = PBXFileReference; lastKnownFileType = file.storyboard; name = Base; path = Base.lproj/LaunchScreen.storyboard; sourceTree = "<group>"; };
		6B6803A32439529600540562 /* Info.plist */ = {isa = PBXFileReference; lastKnownFileType = text.plist.xml; path = Info.plist; sourceTree = "<group>"; };
		6B6803A82439529600540562 /* Event-PlannerTests.xctest */ = {isa = PBXFileReference; explicitFileType = wrapper.cfbundle; includeInIndex = 0; path = "Event-PlannerTests.xctest"; sourceTree = BUILT_PRODUCTS_DIR; };
		6B6803AC2439529600540562 /* Event_PlannerTests.swift */ = {isa = PBXFileReference; lastKnownFileType = sourcecode.swift; path = Event_PlannerTests.swift; sourceTree = "<group>"; };
		6B6803AE2439529600540562 /* Info.plist */ = {isa = PBXFileReference; lastKnownFileType = text.plist.xml; path = Info.plist; sourceTree = "<group>"; };
		6B6803B32439529600540562 /* Event-PlannerUITests.xctest */ = {isa = PBXFileReference; explicitFileType = wrapper.cfbundle; includeInIndex = 0; path = "Event-PlannerUITests.xctest"; sourceTree = BUILT_PRODUCTS_DIR; };
		6B6803B72439529600540562 /* Event_PlannerUITests.swift */ = {isa = PBXFileReference; lastKnownFileType = sourcecode.swift; path = Event_PlannerUITests.swift; sourceTree = "<group>"; };
		6B6803B92439529600540562 /* Info.plist */ = {isa = PBXFileReference; lastKnownFileType = text.plist.xml; path = Info.plist; sourceTree = "<group>"; };
		6B9D6AF224423ABB00438CBE /* HomeViewController.swift */ = {isa = PBXFileReference; lastKnownFileType = sourcecode.swift; path = HomeViewController.swift; sourceTree = "<group>"; };
		6B9D6AF4244295B600438CBE /* CreateEventViewController.swift */ = {isa = PBXFileReference; lastKnownFileType = sourcecode.swift; path = CreateEventViewController.swift; sourceTree = "<group>"; };
		6B9D6AF62442B5AD00438CBE /* MenuChoiceView.swift */ = {isa = PBXFileReference; lastKnownFileType = sourcecode.swift; path = MenuChoiceView.swift; sourceTree = "<group>"; };
		6B9D6AF82442C0DF00438CBE /* EventsTableViewController.swift */ = {isa = PBXFileReference; lastKnownFileType = sourcecode.swift; path = EventsTableViewController.swift; sourceTree = "<group>"; };
		6B9D6AFA2442C10700438CBE /* LocationTableViewController.swift */ = {isa = PBXFileReference; lastKnownFileType = sourcecode.swift; path = LocationTableViewController.swift; sourceTree = "<group>"; };
		6B9D6AFC2442C12C00438CBE /* MyPlansTableViewController.swift */ = {isa = PBXFileReference; lastKnownFileType = sourcecode.swift; path = MyPlansTableViewController.swift; sourceTree = "<group>"; };
		6B9D6AFE2442C14900438CBE /* HostedEventsTableViewController.swift */ = {isa = PBXFileReference; lastKnownFileType = sourcecode.swift; path = HostedEventsTableViewController.swift; sourceTree = "<group>"; };
		6C70EB704D45C6D15E5562D8 /* Pods-Event-Planner.debug.xcconfig */ = {isa = PBXFileReference; includeInIndex = 1; lastKnownFileType = text.xcconfig; name = "Pods-Event-Planner.debug.xcconfig"; path = "Target Support Files/Pods-Event-Planner/Pods-Event-Planner.debug.xcconfig"; sourceTree = "<group>"; };
		7A72A711617478A36F2FAFB0 /* Pods-Event-PlannerTests.release.xcconfig */ = {isa = PBXFileReference; includeInIndex = 1; lastKnownFileType = text.xcconfig; name = "Pods-Event-PlannerTests.release.xcconfig"; path = "Target Support Files/Pods-Event-PlannerTests/Pods-Event-PlannerTests.release.xcconfig"; sourceTree = "<group>"; };
		9140EE9A740DA7161178D39B /* Pods_Event_Planner.framework */ = {isa = PBXFileReference; explicitFileType = wrapper.framework; includeInIndex = 0; path = Pods_Event_Planner.framework; sourceTree = BUILT_PRODUCTS_DIR; };
		A0E1B5E92442DA3900345E96 /* GoogleService-Info.plist */ = {isa = PBXFileReference; fileEncoding = 4; lastKnownFileType = text.plist.xml; name = "GoogleService-Info.plist"; path = "../../../../Downloads/GoogleService-Info.plist"; sourceTree = "<group>"; };
		A0E1B5EB2442EA6B00345E96 /* CreateEventsViewController.swift */ = {isa = PBXFileReference; lastKnownFileType = sourcecode.swift; path = CreateEventsViewController.swift; sourceTree = "<group>"; };
		EE7278A276B64760B2065090 /* Pods_Event_PlannerTests.framework */ = {isa = PBXFileReference; explicitFileType = wrapper.framework; includeInIndex = 0; path = Pods_Event_PlannerTests.framework; sourceTree = BUILT_PRODUCTS_DIR; };
		F51EDA2D472C7597DFB4EB1D /* Pods-Event-Planner-Event-PlannerUITests.release.xcconfig */ = {isa = PBXFileReference; includeInIndex = 1; lastKnownFileType = text.xcconfig; name = "Pods-Event-Planner-Event-PlannerUITests.release.xcconfig"; path = "Target Support Files/Pods-Event-Planner-Event-PlannerUITests/Pods-Event-Planner-Event-PlannerUITests.release.xcconfig"; sourceTree = "<group>"; };
		FA3EBA552874C2DAE7E32C7C /* Pods-Event-PlannerTests.debug.xcconfig */ = {isa = PBXFileReference; includeInIndex = 1; lastKnownFileType = text.xcconfig; name = "Pods-Event-PlannerTests.debug.xcconfig"; path = "Target Support Files/Pods-Event-PlannerTests/Pods-Event-PlannerTests.debug.xcconfig"; sourceTree = "<group>"; };
/* End PBXFileReference section */

/* Begin PBXFrameworksBuildPhase section */
		6B68038F2439529500540562 /* Frameworks */ = {
			isa = PBXFrameworksBuildPhase;
			buildActionMask = 2147483647;
			files = (
				AB488DCA05AA6B32FA4C1669 /* Pods_Event_Planner.framework in Frameworks */,
			);
			runOnlyForDeploymentPostprocessing = 0;
		};
		6B6803A52439529600540562 /* Frameworks */ = {
			isa = PBXFrameworksBuildPhase;
			buildActionMask = 2147483647;
			files = (
				1E56DB4408E790F9D892962C /* Pods_Event_PlannerTests.framework in Frameworks */,
			);
			runOnlyForDeploymentPostprocessing = 0;
		};
		6B6803B02439529600540562 /* Frameworks */ = {
			isa = PBXFrameworksBuildPhase;
			buildActionMask = 2147483647;
			files = (
				E3167E6086EEFF1D4162CA30 /* Pods_Event_Planner_Event_PlannerUITests.framework in Frameworks */,
			);
			runOnlyForDeploymentPostprocessing = 0;
		};
/* End PBXFrameworksBuildPhase section */

/* Begin PBXGroup section */
		2C7E67C6C3D2A098C5E26992 /* Frameworks */ = {
			isa = PBXGroup;
			children = (
				9140EE9A740DA7161178D39B /* Pods_Event_Planner.framework */,
				428A3B7C9E8ACFBA4DE135B4 /* Pods_Event_Planner_Event_PlannerUITests.framework */,
				EE7278A276B64760B2065090 /* Pods_Event_PlannerTests.framework */,
			);
			name = Frameworks;
			sourceTree = "<group>";
		};
		675AA40F2700D56EE6EDB4A9 /* Pods */ = {
			isa = PBXGroup;
			children = (
				6C70EB704D45C6D15E5562D8 /* Pods-Event-Planner.debug.xcconfig */,
				39368A437AC2B94B18B0648A /* Pods-Event-Planner.release.xcconfig */,
				4ED9CE758B1EC742F3FBF66D /* Pods-Event-Planner-Event-PlannerUITests.debug.xcconfig */,
				F51EDA2D472C7597DFB4EB1D /* Pods-Event-Planner-Event-PlannerUITests.release.xcconfig */,
				FA3EBA552874C2DAE7E32C7C /* Pods-Event-PlannerTests.debug.xcconfig */,
				7A72A711617478A36F2FAFB0 /* Pods-Event-PlannerTests.release.xcconfig */,
			);
			path = Pods;
			sourceTree = "<group>";
		};
		6B6803892439529500540562 = {
			isa = PBXGroup;
			children = (
				6B6803942439529500540562 /* Event-Planner */,
				6B6803AB2439529600540562 /* Event-PlannerTests */,
				6B6803B62439529600540562 /* Event-PlannerUITests */,
				6B6803932439529500540562 /* Products */,
				675AA40F2700D56EE6EDB4A9 /* Pods */,
				2C7E67C6C3D2A098C5E26992 /* Frameworks */,
			);
			sourceTree = "<group>";
		};
		6B6803932439529500540562 /* Products */ = {
			isa = PBXGroup;
			children = (
				6B6803922439529500540562 /* Event-Planner.app */,
				6B6803A82439529600540562 /* Event-PlannerTests.xctest */,
				6B6803B32439529600540562 /* Event-PlannerUITests.xctest */,
			);
			name = Products;
			sourceTree = "<group>";
		};
		6B6803942439529500540562 /* Event-Planner */ = {
			isa = PBXGroup;
			children = (
				6B6803952439529500540562 /* AppDelegate.swift */,
				6B6803972439529500540562 /* SceneDelegate.swift */,
				6B68039B2439529500540562 /* Main.storyboard */,
				6B68039E2439529600540562 /* Assets.xcassets */,
				6B6803A02439529600540562 /* LaunchScreen.storyboard */,
				A0E1B5E92442DA3900345E96 /* GoogleService-Info.plist */,
				6B6803A32439529600540562 /* Info.plist */,
				6B337069243A8C32002BB2BA /* LoginViewController.swift */,
				6B9D6AF224423ABB00438CBE /* HomeViewController.swift */,
				6B9D6AF4244295B600438CBE /* CreateEventViewController.swift */,
				6B9D6AF62442B5AD00438CBE /* MenuChoiceView.swift */,
				6B9D6AF82442C0DF00438CBE /* EventsTableViewController.swift */,
				6B9D6AFA2442C10700438CBE /* LocationTableViewController.swift */,
				6B9D6AFC2442C12C00438CBE /* MyPlansTableViewController.swift */,
				6B9D6AFE2442C14900438CBE /* HostedEventsTableViewController.swift */,
				A0E1B5EB2442EA6B00345E96 /* CreateEventsViewController.swift */,
			);
			path = "Event-Planner";
			sourceTree = "<group>";
		};
		6B6803AB2439529600540562 /* Event-PlannerTests */ = {
			isa = PBXGroup;
			children = (
				6B6803AC2439529600540562 /* Event_PlannerTests.swift */,
				6B6803AE2439529600540562 /* Info.plist */,
			);
			path = "Event-PlannerTests";
			sourceTree = "<group>";
		};
		6B6803B62439529600540562 /* Event-PlannerUITests */ = {
			isa = PBXGroup;
			children = (
				6B6803B72439529600540562 /* Event_PlannerUITests.swift */,
				6B6803B92439529600540562 /* Info.plist */,
			);
			path = "Event-PlannerUITests";
			sourceTree = "<group>";
		};
/* End PBXGroup section */

/* Begin PBXNativeTarget section */
		6B6803912439529500540562 /* Event-Planner */ = {
			isa = PBXNativeTarget;
			buildConfigurationList = 6B6803BC2439529600540562 /* Build configuration list for PBXNativeTarget "Event-Planner" */;
			buildPhases = (
				2EB07B54B11E152BF5B253EC /* [CP] Check Pods Manifest.lock */,
				6B68038E2439529500540562 /* Sources */,
				6B68038F2439529500540562 /* Frameworks */,
				6B6803902439529500540562 /* Resources */,
				4B74EACDFE508A9E36BB606E /* [CP] Embed Pods Frameworks */,
				95DE1867FDE81AB8ED2EDA40 /* [CP] Copy Pods Resources */,
			);
			buildRules = (
			);
			dependencies = (
			);
			name = "Event-Planner";
			productName = "Event-Planner";
			productReference = 6B6803922439529500540562 /* Event-Planner.app */;
			productType = "com.apple.product-type.application";
		};
		6B6803A72439529600540562 /* Event-PlannerTests */ = {
			isa = PBXNativeTarget;
			buildConfigurationList = 6B6803BF2439529600540562 /* Build configuration list for PBXNativeTarget "Event-PlannerTests" */;
			buildPhases = (
				2C5E8D0F6FA5847AFA1CE5EC /* [CP] Check Pods Manifest.lock */,
				6B6803A42439529600540562 /* Sources */,
				6B6803A52439529600540562 /* Frameworks */,
				6B6803A62439529600540562 /* Resources */,
			);
			buildRules = (
			);
			dependencies = (
				6B6803AA2439529600540562 /* PBXTargetDependency */,
			);
			name = "Event-PlannerTests";
			productName = "Event-PlannerTests";
			productReference = 6B6803A82439529600540562 /* Event-PlannerTests.xctest */;
			productType = "com.apple.product-type.bundle.unit-test";
		};
		6B6803B22439529600540562 /* Event-PlannerUITests */ = {
			isa = PBXNativeTarget;
			buildConfigurationList = 6B6803C22439529600540562 /* Build configuration list for PBXNativeTarget "Event-PlannerUITests" */;
			buildPhases = (
				AD2E43F17BF31CB1BC6BB147 /* [CP] Check Pods Manifest.lock */,
				6B6803AF2439529600540562 /* Sources */,
				6B6803B02439529600540562 /* Frameworks */,
				6B6803B12439529600540562 /* Resources */,
				0B18FC4A2610C36D0DEA798D /* [CP] Embed Pods Frameworks */,
				A5FA5DCA4DE567EAA86AD7DF /* [CP] Copy Pods Resources */,
			);
			buildRules = (
			);
			dependencies = (
				6B6803B52439529600540562 /* PBXTargetDependency */,
			);
			name = "Event-PlannerUITests";
			productName = "Event-PlannerUITests";
			productReference = 6B6803B32439529600540562 /* Event-PlannerUITests.xctest */;
			productType = "com.apple.product-type.bundle.ui-testing";
		};
/* End PBXNativeTarget section */

/* Begin PBXProject section */
		6B68038A2439529500540562 /* Project object */ = {
			isa = PBXProject;
			attributes = {
				LastSwiftUpdateCheck = 1130;
				LastUpgradeCheck = 1130;
				ORGANIZATIONNAME = cs490group;
				TargetAttributes = {
					6B6803912439529500540562 = {
						CreatedOnToolsVersion = 11.3.1;
					};
					6B6803A72439529600540562 = {
						CreatedOnToolsVersion = 11.3.1;
						TestTargetID = 6B6803912439529500540562;
					};
					6B6803B22439529600540562 = {
						CreatedOnToolsVersion = 11.3.1;
						TestTargetID = 6B6803912439529500540562;
					};
				};
			};
			buildConfigurationList = 6B68038D2439529500540562 /* Build configuration list for PBXProject "Event-Planner" */;
			compatibilityVersion = "Xcode 9.3";
			developmentRegion = en;
			hasScannedForEncodings = 0;
			knownRegions = (
				en,
				Base,
			);
			mainGroup = 6B6803892439529500540562;
			productRefGroup = 6B6803932439529500540562 /* Products */;
			projectDirPath = "";
			projectRoot = "";
			targets = (
				6B6803912439529500540562 /* Event-Planner */,
				6B6803A72439529600540562 /* Event-PlannerTests */,
				6B6803B22439529600540562 /* Event-PlannerUITests */,
			);
		};
/* End PBXProject section */

/* Begin PBXResourcesBuildPhase section */
		6B6803902439529500540562 /* Resources */ = {
			isa = PBXResourcesBuildPhase;
			buildActionMask = 2147483647;
			files = (
				6B6803A22439529600540562 /* LaunchScreen.storyboard in Resources */,
				A0E1B5EA2442DA3900345E96 /* GoogleService-Info.plist in Resources */,
				6B68039F2439529600540562 /* Assets.xcassets in Resources */,
				6B68039D2439529500540562 /* Main.storyboard in Resources */,
			);
			runOnlyForDeploymentPostprocessing = 0;
		};
		6B6803A62439529600540562 /* Resources */ = {
			isa = PBXResourcesBuildPhase;
			buildActionMask = 2147483647;
			files = (
			);
			runOnlyForDeploymentPostprocessing = 0;
		};
		6B6803B12439529600540562 /* Resources */ = {
			isa = PBXResourcesBuildPhase;
			buildActionMask = 2147483647;
			files = (
			);
			runOnlyForDeploymentPostprocessing = 0;
		};
/* End PBXResourcesBuildPhase section */

/* Begin PBXShellScriptBuildPhase section */
		0B18FC4A2610C36D0DEA798D /* [CP] Embed Pods Frameworks */ = {
			isa = PBXShellScriptBuildPhase;
			buildActionMask = 2147483647;
			files = (
			);
			inputFileListPaths = (
				"${PODS_ROOT}/Target Support Files/Pods-Event-Planner-Event-PlannerUITests/Pods-Event-Planner-Event-PlannerUITests-frameworks-${CONFIGURATION}-input-files.xcfilelist",
			);
			name = "[CP] Embed Pods Frameworks";
			outputFileListPaths = (
				"${PODS_ROOT}/Target Support Files/Pods-Event-Planner-Event-PlannerUITests/Pods-Event-Planner-Event-PlannerUITests-frameworks-${CONFIGURATION}-output-files.xcfilelist",
			);
			runOnlyForDeploymentPostprocessing = 0;
			shellPath = /bin/sh;
			shellScript = "\"${PODS_ROOT}/Target Support Files/Pods-Event-Planner-Event-PlannerUITests/Pods-Event-Planner-Event-PlannerUITests-frameworks.sh\"\n";
			showEnvVarsInLog = 0;
		};
		2C5E8D0F6FA5847AFA1CE5EC /* [CP] Check Pods Manifest.lock */ = {
			isa = PBXShellScriptBuildPhase;
			buildActionMask = 2147483647;
			files = (
			);
			inputFileListPaths = (
			);
			inputPaths = (
				"${PODS_PODFILE_DIR_PATH}/Podfile.lock",
				"${PODS_ROOT}/Manifest.lock",
			);
			name = "[CP] Check Pods Manifest.lock";
			outputFileListPaths = (
			);
			outputPaths = (
				"$(DERIVED_FILE_DIR)/Pods-Event-PlannerTests-checkManifestLockResult.txt",
			);
			runOnlyForDeploymentPostprocessing = 0;
			shellPath = /bin/sh;
			shellScript = "diff \"${PODS_PODFILE_DIR_PATH}/Podfile.lock\" \"${PODS_ROOT}/Manifest.lock\" > /dev/null\nif [ $? != 0 ] ; then\n    # print error to STDERR\n    echo \"error: The sandbox is not in sync with the Podfile.lock. Run 'pod install' or update your CocoaPods installation.\" >&2\n    exit 1\nfi\n# This output is used by Xcode 'outputs' to avoid re-running this script phase.\necho \"SUCCESS\" > \"${SCRIPT_OUTPUT_FILE_0}\"\n";
			showEnvVarsInLog = 0;
		};
		2EB07B54B11E152BF5B253EC /* [CP] Check Pods Manifest.lock */ = {
			isa = PBXShellScriptBuildPhase;
			buildActionMask = 2147483647;
			files = (
			);
			inputFileListPaths = (
			);
			inputPaths = (
				"${PODS_PODFILE_DIR_PATH}/Podfile.lock",
				"${PODS_ROOT}/Manifest.lock",
			);
			name = "[CP] Check Pods Manifest.lock";
			outputFileListPaths = (
			);
			outputPaths = (
				"$(DERIVED_FILE_DIR)/Pods-Event-Planner-checkManifestLockResult.txt",
			);
			runOnlyForDeploymentPostprocessing = 0;
			shellPath = /bin/sh;
			shellScript = "diff \"${PODS_PODFILE_DIR_PATH}/Podfile.lock\" \"${PODS_ROOT}/Manifest.lock\" > /dev/null\nif [ $? != 0 ] ; then\n    # print error to STDERR\n    echo \"error: The sandbox is not in sync with the Podfile.lock. Run 'pod install' or update your CocoaPods installation.\" >&2\n    exit 1\nfi\n# This output is used by Xcode 'outputs' to avoid re-running this script phase.\necho \"SUCCESS\" > \"${SCRIPT_OUTPUT_FILE_0}\"\n";
			showEnvVarsInLog = 0;
		};
		4B74EACDFE508A9E36BB606E /* [CP] Embed Pods Frameworks */ = {
			isa = PBXShellScriptBuildPhase;
			buildActionMask = 2147483647;
			files = (
			);
			inputFileListPaths = (
				"${PODS_ROOT}/Target Support Files/Pods-Event-Planner/Pods-Event-Planner-frameworks-${CONFIGURATION}-input-files.xcfilelist",
			);
			name = "[CP] Embed Pods Frameworks";
			outputFileListPaths = (
				"${PODS_ROOT}/Target Support Files/Pods-Event-Planner/Pods-Event-Planner-frameworks-${CONFIGURATION}-output-files.xcfilelist",
			);
			runOnlyForDeploymentPostprocessing = 0;
			shellPath = /bin/sh;
			shellScript = "\"${PODS_ROOT}/Target Support Files/Pods-Event-Planner/Pods-Event-Planner-frameworks.sh\"\n";
			showEnvVarsInLog = 0;
		};
		95DE1867FDE81AB8ED2EDA40 /* [CP] Copy Pods Resources */ = {
			isa = PBXShellScriptBuildPhase;
			buildActionMask = 2147483647;
			files = (
			);
			inputFileListPaths = (
				"${PODS_ROOT}/Target Support Files/Pods-Event-Planner/Pods-Event-Planner-resources-${CONFIGURATION}-input-files.xcfilelist",
			);
			name = "[CP] Copy Pods Resources";
			outputFileListPaths = (
				"${PODS_ROOT}/Target Support Files/Pods-Event-Planner/Pods-Event-Planner-resources-${CONFIGURATION}-output-files.xcfilelist",
			);
			runOnlyForDeploymentPostprocessing = 0;
			shellPath = /bin/sh;
			shellScript = "\"${PODS_ROOT}/Target Support Files/Pods-Event-Planner/Pods-Event-Planner-resources.sh\"\n";
			showEnvVarsInLog = 0;
		};
		A5FA5DCA4DE567EAA86AD7DF /* [CP] Copy Pods Resources */ = {
			isa = PBXShellScriptBuildPhase;
			buildActionMask = 2147483647;
			files = (
			);
			inputFileListPaths = (
				"${PODS_ROOT}/Target Support Files/Pods-Event-Planner-Event-PlannerUITests/Pods-Event-Planner-Event-PlannerUITests-resources-${CONFIGURATION}-input-files.xcfilelist",
			);
			name = "[CP] Copy Pods Resources";
			outputFileListPaths = (
				"${PODS_ROOT}/Target Support Files/Pods-Event-Planner-Event-PlannerUITests/Pods-Event-Planner-Event-PlannerUITests-resources-${CONFIGURATION}-output-files.xcfilelist",
			);
			runOnlyForDeploymentPostprocessing = 0;
			shellPath = /bin/sh;
			shellScript = "\"${PODS_ROOT}/Target Support Files/Pods-Event-Planner-Event-PlannerUITests/Pods-Event-Planner-Event-PlannerUITests-resources.sh\"\n";
			showEnvVarsInLog = 0;
		};
		AD2E43F17BF31CB1BC6BB147 /* [CP] Check Pods Manifest.lock */ = {
			isa = PBXShellScriptBuildPhase;
			buildActionMask = 2147483647;
			files = (
			);
			inputFileListPaths = (
			);
			inputPaths = (
				"${PODS_PODFILE_DIR_PATH}/Podfile.lock",
				"${PODS_ROOT}/Manifest.lock",
			);
			name = "[CP] Check Pods Manifest.lock";
			outputFileListPaths = (
			);
			outputPaths = (
				"$(DERIVED_FILE_DIR)/Pods-Event-Planner-Event-PlannerUITests-checkManifestLockResult.txt",
			);
			runOnlyForDeploymentPostprocessing = 0;
			shellPath = /bin/sh;
			shellScript = "diff \"${PODS_PODFILE_DIR_PATH}/Podfile.lock\" \"${PODS_ROOT}/Manifest.lock\" > /dev/null\nif [ $? != 0 ] ; then\n    # print error to STDERR\n    echo \"error: The sandbox is not in sync with the Podfile.lock. Run 'pod install' or update your CocoaPods installation.\" >&2\n    exit 1\nfi\n# This output is used by Xcode 'outputs' to avoid re-running this script phase.\necho \"SUCCESS\" > \"${SCRIPT_OUTPUT_FILE_0}\"\n";
			showEnvVarsInLog = 0;
		};
/* End PBXShellScriptBuildPhase section */

/* Begin PBXSourcesBuildPhase section */
		6B68038E2439529500540562 /* Sources */ = {
			isa = PBXSourcesBuildPhase;
			buildActionMask = 2147483647;
			files = (
				6B9D6AF324423ABB00438CBE /* HomeViewController.swift in Sources */,
				6B9D6AF92442C0DF00438CBE /* EventsTableViewController.swift in Sources */,
				6B33706A243A8C32002BB2BA /* LoginViewController.swift in Sources */,
				6B9D6AF72442B5AD00438CBE /* MenuChoiceView.swift in Sources */,
				6B9D6AFB2442C10700438CBE /* LocationTableViewController.swift in Sources */,
				6B9D6AF5244295B600438CBE /* CreateEventViewController.swift in Sources */,
				6B6803962439529500540562 /* AppDelegate.swift in Sources */,
				A0E1B5EC2442EA6B00345E96 /* CreateEventsViewController.swift in Sources */,
				6B9D6AFD2442C12C00438CBE /* MyPlansTableViewController.swift in Sources */,
				6B6803982439529500540562 /* SceneDelegate.swift in Sources */,
				6B9D6AFF2442C14900438CBE /* HostedEventsTableViewController.swift in Sources */,
			);
			runOnlyForDeploymentPostprocessing = 0;
		};
		6B6803A42439529600540562 /* Sources */ = {
			isa = PBXSourcesBuildPhase;
			buildActionMask = 2147483647;
			files = (
				6B6803AD2439529600540562 /* Event_PlannerTests.swift in Sources */,
			);
			runOnlyForDeploymentPostprocessing = 0;
		};
		6B6803AF2439529600540562 /* Sources */ = {
			isa = PBXSourcesBuildPhase;
			buildActionMask = 2147483647;
			files = (
				6B6803B82439529600540562 /* Event_PlannerUITests.swift in Sources */,
			);
			runOnlyForDeploymentPostprocessing = 0;
		};
/* End PBXSourcesBuildPhase section */

/* Begin PBXTargetDependency section */
		6B6803AA2439529600540562 /* PBXTargetDependency */ = {
			isa = PBXTargetDependency;
			target = 6B6803912439529500540562 /* Event-Planner */;
			targetProxy = 6B6803A92439529600540562 /* PBXContainerItemProxy */;
		};
		6B6803B52439529600540562 /* PBXTargetDependency */ = {
			isa = PBXTargetDependency;
			target = 6B6803912439529500540562 /* Event-Planner */;
			targetProxy = 6B6803B42439529600540562 /* PBXContainerItemProxy */;
		};
/* End PBXTargetDependency section */

/* Begin PBXVariantGroup section */
		6B68039B2439529500540562 /* Main.storyboard */ = {
			isa = PBXVariantGroup;
			children = (
				6B68039C2439529500540562 /* Base */,
			);
			name = Main.storyboard;
			sourceTree = "<group>";
		};
		6B6803A02439529600540562 /* LaunchScreen.storyboard */ = {
			isa = PBXVariantGroup;
			children = (
				6B6803A12439529600540562 /* Base */,
			);
			name = LaunchScreen.storyboard;
			sourceTree = "<group>";
		};
/* End PBXVariantGroup section */

/* Begin XCBuildConfiguration section */
		6B6803BA2439529600540562 /* Debug */ = {
			isa = XCBuildConfiguration;
			buildSettings = {
				ALWAYS_SEARCH_USER_PATHS = NO;
				CLANG_ANALYZER_NONNULL = YES;
				CLANG_ANALYZER_NUMBER_OBJECT_CONVERSION = YES_AGGRESSIVE;
				CLANG_CXX_LANGUAGE_STANDARD = "gnu++14";
				CLANG_CXX_LIBRARY = "libc++";
				CLANG_ENABLE_MODULES = YES;
				CLANG_ENABLE_OBJC_ARC = YES;
				CLANG_ENABLE_OBJC_WEAK = YES;
				CLANG_WARN_BLOCK_CAPTURE_AUTORELEASING = YES;
				CLANG_WARN_BOOL_CONVERSION = YES;
				CLANG_WARN_COMMA = YES;
				CLANG_WARN_CONSTANT_CONVERSION = YES;
				CLANG_WARN_DEPRECATED_OBJC_IMPLEMENTATIONS = YES;
				CLANG_WARN_DIRECT_OBJC_ISA_USAGE = YES_ERROR;
				CLANG_WARN_DOCUMENTATION_COMMENTS = YES;
				CLANG_WARN_EMPTY_BODY = YES;
				CLANG_WARN_ENUM_CONVERSION = YES;
				CLANG_WARN_INFINITE_RECURSION = YES;
				CLANG_WARN_INT_CONVERSION = YES;
				CLANG_WARN_NON_LITERAL_NULL_CONVERSION = YES;
				CLANG_WARN_OBJC_IMPLICIT_RETAIN_SELF = YES;
				CLANG_WARN_OBJC_LITERAL_CONVERSION = YES;
				CLANG_WARN_OBJC_ROOT_CLASS = YES_ERROR;
				CLANG_WARN_RANGE_LOOP_ANALYSIS = YES;
				CLANG_WARN_STRICT_PROTOTYPES = YES;
				CLANG_WARN_SUSPICIOUS_MOVE = YES;
				CLANG_WARN_UNGUARDED_AVAILABILITY = YES_AGGRESSIVE;
				CLANG_WARN_UNREACHABLE_CODE = YES;
				CLANG_WARN__DUPLICATE_METHOD_MATCH = YES;
				COPY_PHASE_STRIP = NO;
				DEBUG_INFORMATION_FORMAT = dwarf;
				ENABLE_STRICT_OBJC_MSGSEND = YES;
				ENABLE_TESTABILITY = YES;
				GCC_C_LANGUAGE_STANDARD = gnu11;
				GCC_DYNAMIC_NO_PIC = NO;
				GCC_NO_COMMON_BLOCKS = YES;
				GCC_OPTIMIZATION_LEVEL = 0;
				GCC_PREPROCESSOR_DEFINITIONS = (
					"DEBUG=1",
					"$(inherited)",
				);
				GCC_WARN_64_TO_32_BIT_CONVERSION = YES;
				GCC_WARN_ABOUT_RETURN_TYPE = YES_ERROR;
				GCC_WARN_UNDECLARED_SELECTOR = YES;
				GCC_WARN_UNINITIALIZED_AUTOS = YES_AGGRESSIVE;
				GCC_WARN_UNUSED_FUNCTION = YES;
				GCC_WARN_UNUSED_VARIABLE = YES;
				IPHONEOS_DEPLOYMENT_TARGET = 13.2;
				MTL_ENABLE_DEBUG_INFO = INCLUDE_SOURCE;
				MTL_FAST_MATH = YES;
				ONLY_ACTIVE_ARCH = YES;
				SDKROOT = iphoneos;
				SWIFT_ACTIVE_COMPILATION_CONDITIONS = DEBUG;
				SWIFT_OPTIMIZATION_LEVEL = "-Onone";
			};
			name = Debug;
		};
		6B6803BB2439529600540562 /* Release */ = {
			isa = XCBuildConfiguration;
			buildSettings = {
				ALWAYS_SEARCH_USER_PATHS = NO;
				CLANG_ANALYZER_NONNULL = YES;
				CLANG_ANALYZER_NUMBER_OBJECT_CONVERSION = YES_AGGRESSIVE;
				CLANG_CXX_LANGUAGE_STANDARD = "gnu++14";
				CLANG_CXX_LIBRARY = "libc++";
				CLANG_ENABLE_MODULES = YES;
				CLANG_ENABLE_OBJC_ARC = YES;
				CLANG_ENABLE_OBJC_WEAK = YES;
				CLANG_WARN_BLOCK_CAPTURE_AUTORELEASING = YES;
				CLANG_WARN_BOOL_CONVERSION = YES;
				CLANG_WARN_COMMA = YES;
				CLANG_WARN_CONSTANT_CONVERSION = YES;
				CLANG_WARN_DEPRECATED_OBJC_IMPLEMENTATIONS = YES;
				CLANG_WARN_DIRECT_OBJC_ISA_USAGE = YES_ERROR;
				CLANG_WARN_DOCUMENTATION_COMMENTS = YES;
				CLANG_WARN_EMPTY_BODY = YES;
				CLANG_WARN_ENUM_CONVERSION = YES;
				CLANG_WARN_INFINITE_RECURSION = YES;
				CLANG_WARN_INT_CONVERSION = YES;
				CLANG_WARN_NON_LITERAL_NULL_CONVERSION = YES;
				CLANG_WARN_OBJC_IMPLICIT_RETAIN_SELF = YES;
				CLANG_WARN_OBJC_LITERAL_CONVERSION = YES;
				CLANG_WARN_OBJC_ROOT_CLASS = YES_ERROR;
				CLANG_WARN_RANGE_LOOP_ANALYSIS = YES;
				CLANG_WARN_STRICT_PROTOTYPES = YES;
				CLANG_WARN_SUSPICIOUS_MOVE = YES;
				CLANG_WARN_UNGUARDED_AVAILABILITY = YES_AGGRESSIVE;
				CLANG_WARN_UNREACHABLE_CODE = YES;
				CLANG_WARN__DUPLICATE_METHOD_MATCH = YES;
				COPY_PHASE_STRIP = NO;
				DEBUG_INFORMATION_FORMAT = "dwarf-with-dsym";
				ENABLE_NS_ASSERTIONS = NO;
				ENABLE_STRICT_OBJC_MSGSEND = YES;
				GCC_C_LANGUAGE_STANDARD = gnu11;
				GCC_NO_COMMON_BLOCKS = YES;
				GCC_WARN_64_TO_32_BIT_CONVERSION = YES;
				GCC_WARN_ABOUT_RETURN_TYPE = YES_ERROR;
				GCC_WARN_UNDECLARED_SELECTOR = YES;
				GCC_WARN_UNINITIALIZED_AUTOS = YES_AGGRESSIVE;
				GCC_WARN_UNUSED_FUNCTION = YES;
				GCC_WARN_UNUSED_VARIABLE = YES;
				IPHONEOS_DEPLOYMENT_TARGET = 13.2;
				MTL_ENABLE_DEBUG_INFO = NO;
				MTL_FAST_MATH = YES;
				SDKROOT = iphoneos;
				SWIFT_COMPILATION_MODE = wholemodule;
				SWIFT_OPTIMIZATION_LEVEL = "-O";
				VALIDATE_PRODUCT = YES;
			};
			name = Release;
		};
		6B6803BD2439529600540562 /* Debug */ = {
			isa = XCBuildConfiguration;
			baseConfigurationReference = 6C70EB704D45C6D15E5562D8 /* Pods-Event-Planner.debug.xcconfig */;
			buildSettings = {
				ASSETCATALOG_COMPILER_APPICON_NAME = AppIcon;
				CODE_SIGN_STYLE = Automatic;
				INFOPLIST_FILE = "Event-Planner/Info.plist";
				LD_RUNPATH_SEARCH_PATHS = (
					"$(inherited)",
					"@executable_path/Frameworks",
				);
				PRODUCT_BUNDLE_IDENTIFIER = "com.cs490group.Event-Planner";
				PRODUCT_NAME = "$(TARGET_NAME)";
				SWIFT_VERSION = 5.0;
				TARGETED_DEVICE_FAMILY = "1,2";
			};
			name = Debug;
		};
		6B6803BE2439529600540562 /* Release */ = {
			isa = XCBuildConfiguration;
			baseConfigurationReference = 39368A437AC2B94B18B0648A /* Pods-Event-Planner.release.xcconfig */;
			buildSettings = {
				ASSETCATALOG_COMPILER_APPICON_NAME = AppIcon;
				CODE_SIGN_STYLE = Automatic;
				INFOPLIST_FILE = "Event-Planner/Info.plist";
				LD_RUNPATH_SEARCH_PATHS = (
					"$(inherited)",
					"@executable_path/Frameworks",
				);
				PRODUCT_BUNDLE_IDENTIFIER = "com.cs490group.Event-Planner";
				PRODUCT_NAME = "$(TARGET_NAME)";
				SWIFT_VERSION = 5.0;
				TARGETED_DEVICE_FAMILY = "1,2";
			};
			name = Release;
		};
		6B6803C02439529600540562 /* Debug */ = {
			isa = XCBuildConfiguration;
			baseConfigurationReference = FA3EBA552874C2DAE7E32C7C /* Pods-Event-PlannerTests.debug.xcconfig */;
			buildSettings = {
				ALWAYS_EMBED_SWIFT_STANDARD_LIBRARIES = YES;
				BUNDLE_LOADER = "$(TEST_HOST)";
				CODE_SIGN_STYLE = Automatic;
				INFOPLIST_FILE = "Event-PlannerTests/Info.plist";
				IPHONEOS_DEPLOYMENT_TARGET = 13.2;
				LD_RUNPATH_SEARCH_PATHS = (
					"$(inherited)",
					"@executable_path/Frameworks",
					"@loader_path/Frameworks",
				);
				PRODUCT_BUNDLE_IDENTIFIER = "com.cs490group.Event-PlannerTests";
				PRODUCT_NAME = "$(TARGET_NAME)";
				SWIFT_VERSION = 5.0;
				TARGETED_DEVICE_FAMILY = "1,2";
				TEST_HOST = "$(BUILT_PRODUCTS_DIR)/Event-Planner.app/Event-Planner";
			};
			name = Debug;
		};
		6B6803C12439529600540562 /* Release */ = {
			isa = XCBuildConfiguration;
			baseConfigurationReference = 7A72A711617478A36F2FAFB0 /* Pods-Event-PlannerTests.release.xcconfig */;
			buildSettings = {
				ALWAYS_EMBED_SWIFT_STANDARD_LIBRARIES = YES;
				BUNDLE_LOADER = "$(TEST_HOST)";
				CODE_SIGN_STYLE = Automatic;
				INFOPLIST_FILE = "Event-PlannerTests/Info.plist";
				IPHONEOS_DEPLOYMENT_TARGET = 13.2;
				LD_RUNPATH_SEARCH_PATHS = (
					"$(inherited)",
					"@executable_path/Frameworks",
					"@loader_path/Frameworks",
				);
				PRODUCT_BUNDLE_IDENTIFIER = "com.cs490group.Event-PlannerTests";
				PRODUCT_NAME = "$(TARGET_NAME)";
				SWIFT_VERSION = 5.0;
				TARGETED_DEVICE_FAMILY = "1,2";
				TEST_HOST = "$(BUILT_PRODUCTS_DIR)/Event-Planner.app/Event-Planner";
			};
			name = Release;
		};
		6B6803C32439529600540562 /* Debug */ = {
			isa = XCBuildConfiguration;
			baseConfigurationReference = 4ED9CE758B1EC742F3FBF66D /* Pods-Event-Planner-Event-PlannerUITests.debug.xcconfig */;
			buildSettings = {
				ALWAYS_EMBED_SWIFT_STANDARD_LIBRARIES = YES;
				CODE_SIGN_STYLE = Automatic;
				INFOPLIST_FILE = "Event-PlannerUITests/Info.plist";
				LD_RUNPATH_SEARCH_PATHS = (
					"$(inherited)",
					"@executable_path/Frameworks",
					"@loader_path/Frameworks",
				);
				PRODUCT_BUNDLE_IDENTIFIER = "com.cs490group.Event-PlannerUITests";
				PRODUCT_NAME = "$(TARGET_NAME)";
				SWIFT_VERSION = 5.0;
				TARGETED_DEVICE_FAMILY = "1,2";
				TEST_TARGET_NAME = "Event-Planner";
			};
			name = Debug;
		};
		6B6803C42439529600540562 /* Release */ = {
			isa = XCBuildConfiguration;
			baseConfigurationReference = F51EDA2D472C7597DFB4EB1D /* Pods-Event-Planner-Event-PlannerUITests.release.xcconfig */;
			buildSettings = {
				ALWAYS_EMBED_SWIFT_STANDARD_LIBRARIES = YES;
				CODE_SIGN_STYLE = Automatic;
				INFOPLIST_FILE = "Event-PlannerUITests/Info.plist";
				LD_RUNPATH_SEARCH_PATHS = (
					"$(inherited)",
					"@executable_path/Frameworks",
					"@loader_path/Frameworks",
				);
				PRODUCT_BUNDLE_IDENTIFIER = "com.cs490group.Event-PlannerUITests";
				PRODUCT_NAME = "$(TARGET_NAME)";
				SWIFT_VERSION = 5.0;
				TARGETED_DEVICE_FAMILY = "1,2";
				TEST_TARGET_NAME = "Event-Planner";
			};
			name = Release;
		};
/* End XCBuildConfiguration section */

/* Begin XCConfigurationList section */
		6B68038D2439529500540562 /* Build configuration list for PBXProject "Event-Planner" */ = {
			isa = XCConfigurationList;
			buildConfigurations = (
				6B6803BA2439529600540562 /* Debug */,
				6B6803BB2439529600540562 /* Release */,
			);
			defaultConfigurationIsVisible = 0;
			defaultConfigurationName = Release;
		};
		6B6803BC2439529600540562 /* Build configuration list for PBXNativeTarget "Event-Planner" */ = {
			isa = XCConfigurationList;
			buildConfigurations = (
				6B6803BD2439529600540562 /* Debug */,
				6B6803BE2439529600540562 /* Release */,
			);
			defaultConfigurationIsVisible = 0;
			defaultConfigurationName = Release;
		};
		6B6803BF2439529600540562 /* Build configuration list for PBXNativeTarget "Event-PlannerTests" */ = {
			isa = XCConfigurationList;
			buildConfigurations = (
				6B6803C02439529600540562 /* Debug */,
				6B6803C12439529600540562 /* Release */,
			);
			defaultConfigurationIsVisible = 0;
			defaultConfigurationName = Release;
		};
		6B6803C22439529600540562 /* Build configuration list for PBXNativeTarget "Event-PlannerUITests" */ = {
			isa = XCConfigurationList;
			buildConfigurations = (
				6B6803C32439529600540562 /* Debug */,
				6B6803C42439529600540562 /* Release */,
			);
			defaultConfigurationIsVisible = 0;
			defaultConfigurationName = Release;
		};
/* End XCConfigurationList section */
	};
	rootObject = 6B68038A2439529500540562 /* Project object */;
}
